<?xml version="1.0" encoding="utf-8"?>
<Project ToolsVersion="4.0" xmlns="http://schemas.microsoft.com/developer/msbuild/2003">
  <ItemGroup>
    <Filter Include="소스 파일">
      <UniqueIdentifier>{4FC737F1-C7A5-4376-A066-2A32D752A2FF}</UniqueIdentifier>
      <Extensions>cpp;c;cxx;def;odl;idl;hpj;bat;asm;asmx</Extensions>
    </Filter>
    <Filter Include="헤더 파일">
      <UniqueIdentifier>{93995380-89BD-4b04-88EB-625FBE52EBFB}</UniqueIdentifier>
      <Extensions>h;hpp;hxx;hm;inl;inc;xsd</Extensions>
    </Filter>
    <Filter Include="리소스 파일">
      <UniqueIdentifier>{67DA6AB6-F800-4c08-8B7A-83BB121AAD01}</UniqueIdentifier>
      <Extensions>rc;ico;cur;bmp;dlg;rc2;rct;bin;rgs;gif;jpg;jpeg;jpe;resx</Extensions>
    </Filter>
  </ItemGroup>
  <ItemGroup>
    <ClCompile Include="MainFrm.cpp">
      <Filter>소스 파일</Filter>
    </ClCompile>
    <ClCompile Include="ManagerDlg.cpp">
      <Filter>소스 파일</Filter>
    </ClCompile>
    <ClCompile Include="Packet.cpp">
      <Filter>소스 파일</Filter>
    </ClCompile>
    <ClCompile Include="ProtocolLoad.cpp">
      <Filter>소스 파일</Filter>
    </ClCompile>
    <ClCompile Include="stdafx.cpp">
      <Filter>소스 파일</Filter>
    </ClCompile>
    <ClCompile Include="SvrTester.cpp">
      <Filter>소스 파일</Filter>
    </ClCompile>
    <ClCompile Include="TabCtrlST.cpp">
      <Filter>소스 파일</Filter>
    </ClCompile>
    <ClCompile Include="TabGroup.cpp">
      <Filter>소스 파일</Filter>
    </ClCompile>
    <ClCompile Include="TachyonSession.cpp">
      <Filter>소스 파일</Filter>
    </ClCompile>
    <ClCompile Include="TMacro.cpp">
      <Filter>소스 파일</Filter>
    </ClCompile>
    <ClCompile Include="TMacroDlg.cpp">
      <Filter>소스 파일</Filter>
    </ClCompile>
    <ClCompile Include="TMacroDoc.cpp">
      <Filter>소스 파일</Filter>
    </ClCompile>
    <ClCompile Include="TMacroFrm.cpp">
      <Filter>소스 파일</Filter>
    </ClCompile>
    <ClCompile Include="TMacroLoadDlg.cpp">
      <Filter>소스 파일</Filter>
    </ClCompile>
    <ClCompile Include="TMacroTab.cpp">
      <Filter>소스 파일</Filter>
    </ClCompile>
    <ClCompile Include="TMacroView.cpp">
      <Filter>소스 파일</Filter>
    </ClCompile>
    <ClCompile Include="TreeCtrlST.cpp">
      <Filter>소스 파일</Filter>
    </ClCompile>
    <ClCompile Include="TSendRecv.cpp">
      <Filter>소스 파일</Filter>
    </ClCompile>
    <ClCompile Include="TSessionDlg.cpp">
      <Filter>소스 파일</Filter>
    </ClCompile>
    <ClCompile Include="TSessionDoc.cpp">
      <Filter>소스 파일</Filter>
    </ClCompile>
    <ClCompile Include="TSessionFrm.cpp">
      <Filter>소스 파일</Filter>
    </ClCompile>
    <ClCompile Include="TSessionMacro.cpp">
      <Filter>소스 파일</Filter>
    </ClCompile>
    <ClCompile Include="TSessionTab.cpp">
      <Filter>소스 파일</Filter>
    </ClCompile>
    <ClCompile Include="TSessionThread.cpp">
      <Filter>소스 파일</Filter>
    </ClCompile>
    <ClCompile Include="TSessionView.cpp">
      <Filter>소스 파일</Filter>
    </ClCompile>
  </ItemGroup>
  <ItemGroup>
    <ClInclude Include="MainFrm.h">
      <Filter>헤더 파일</Filter>
    </ClInclude>
    <ClInclude Include="ManagerDlg.h">
      <Filter>헤더 파일</Filter>
    </ClInclude>
    <ClInclude Include="Packet.h">
      <Filter>헤더 파일</Filter>
    </ClInclude>
    <ClInclude Include="Resource.h">
      <Filter>헤더 파일</Filter>
    </ClInclude>
    <ClInclude Include="stdafx.h">
      <Filter>헤더 파일</Filter>
    </ClInclude>
    <ClInclude Include="STType.h">
      <Filter>헤더 파일</Filter>
    </ClInclude>
    <ClInclude Include="SvrTester.h">
      <Filter>헤더 파일</Filter>
    </ClInclude>
    <ClInclude Include="TabCtrlST.h">
      <Filter>헤더 파일</Filter>
    </ClInclude>
    <ClInclude Include="TabGroup.h">
      <Filter>헤더 파일</Filter>
    </ClInclude>
    <ClInclude Include="TachyonSession.h">
      <Filter>헤더 파일</Filter>
    </ClInclude>
    <ClInclude Include="TMacro.h">
      <Filter>헤더 파일</Filter>
    </ClInclude>
    <ClInclude Include="TMacroDlg.h">
      <Filter>헤더 파일</Filter>
    </ClInclude>
    <ClInclude Include="TMacroDoc.h">
      <Filter>헤더 파일</Filter>
    </ClInclude>
    <ClInclude Include="TMacroFrm.h">
      <Filter>헤더 파일</Filter>
    </ClInclude>
    <ClInclude Include="TMacroLoadDlg.h">
      <Filter>헤더 파일</Filter>
    </ClInclude>
    <ClInclude Include="TMacroTab.h">
      <Filter>헤더 파일</Filter>
    </ClInclude>
    <ClInclude Include="TMacroView.h">
      <Filter>헤더 파일</Filter>
    </ClInclude>
    <ClInclude Include="TreeCtrlST.h">
      <Filter>헤더 파일</Filter>
    </ClInclude>
    <ClInclude Include="TSessionDlg.h">
      <Filter>헤더 파일</Filter>
    </ClInclude>
    <ClInclude Include="TSessionDoc.h">
      <Filter>헤더 파일</Filter>
    </ClInclude>
    <ClInclude Include="TSessionFrm.h">
      <Filter>헤더 파일</Filter>
    </ClInclude>
    <ClInclude Include="TSessionTab.h">
      <Filter>헤더 파일</Filter>
    </ClInclude>
    <ClInclude Include="TSessionView.h">
      <Filter>헤더 파일</Filter>
    </ClInclude>
  </ItemGroup>
  <ItemGroup>
    <Image Include="res\ico00001.ico">
      <Filter>리소스 파일</Filter>
    </Image>
    <Image Include="res\icon1.ico">
      <Filter>리소스 파일</Filter>
    </Image>
    <Image Include="res\icon2.ico">
      <Filter>리소스 파일</Filter>
    </Image>
    <Image Include="res\icon3.ico">
      <Filter>리소스 파일</Filter>
    </Image>
    <Image Include="res\icon4.ico">
      <Filter>리소스 파일</Filter>
    </Image>
    <Image Include="res\icon5.ico">
      <Filter>리소스 파일</Filter>
    </Image>
    <Image Include="res\icon6.ico">
      <Filter>리소스 파일</Filter>
    </Image>
    <Image Include="res\icon7.ico">
      <Filter>리소스 파일</Filter>
    </Image>
    <Image Include="res\SvrTester.ico">
      <Filter>리소스 파일</Filter>
    </Image>
    <Image Include="res\SvrTesterDoc.ico">
      <Filter>리소스 파일</Filter>
    </Image>
    <Image Include="res\Toolbar.bmp">
      <Filter>리소스 파일</Filter>
    </Image>
  </ItemGroup>
  <ItemGroup>
    <ResourceCompile Include="SvrTester.rc">
      <Filter>리소스 파일</Filter>
    </ResourceCompile>
  </ItemGroup>
  <ItemGroup>
    <None Include="res\SvrTester.rc2">
      <Filter>리소스 파일</Filter>
    </None>
  </ItemGroup>
  <ItemGroup>
    <Text Include="ReadMe.txt" />
  </ItemGroup>
  <ItemGroup>
    <Manifest Include="res\SvrTester.manifest" />
  </ItemGroup>
</Project>