<?xml version="1.0" encoding="utf-8"?>
<Project ToolsVersion="4.0" xmlns="http://schemas.microsoft.com/developer/msbuild/2003">
  <ItemGroup>
    <Filter Include="소스 파일">
      <UniqueIdentifier>{4FC737F1-C7A5-4376-A066-2A32D752A2FF}</UniqueIdentifier>
      <Extensions>cpp;c;cxx;def;odl;idl;hpj;bat;asm;asmx</Extensions>
    </Filter>
    <Filter Include="헤더 파일">
      <UniqueIdentifier>{93995380-89BD-4b04-88EB-625FBE52EBFB}</UniqueIdentifier>
      <Extensions>h;hpp;hxx;hm;inl;inc;xsd</Extensions>
    </Filter>
    <Filter Include="리소스 파일">
      <UniqueIdentifier>{67DA6AB6-F800-4c08-8B7A-83BB121AAD01}</UniqueIdentifier>
      <Extensions>rc;ico;cur;bmp;dlg;rc2;rct;bin;rgs;gif;jpg;jpeg;jpe;resx</Extensions>
    </Filter>
  </ItemGroup>
  <ItemGroup>
    <ClCompile Include="MainFrm.cpp">
      <Filter>소스 파일</Filter>
    </ClCompile>
    <ClCompile Include="md5.cpp">
      <Filter>소스 파일</Filter>
    </ClCompile>
    <ClCompile Include="Packet.cpp">
      <Filter>소스 파일</Filter>
    </ClCompile>
    <ClCompile Include="stdafx.cpp">
      <Filter>소스 파일</Filter>
    </ClCompile>
    <ClCompile Include="TachyonSession.cpp">
      <Filter>소스 파일</Filter>
    </ClCompile>
    <ClCompile Include="TMacroAddDlg.cpp">
      <Filter>소스 파일</Filter>
    </ClCompile>
    <ClCompile Include="TMacroMachine.cpp">
      <Filter>소스 파일</Filter>
    </ClCompile>
    <ClCompile Include="TMacroMachineDoc.cpp">
      <Filter>소스 파일</Filter>
    </ClCompile>
    <ClCompile Include="TMacroMachineFile.cpp">
      <Filter>소스 파일</Filter>
    </ClCompile>
    <ClCompile Include="TMacroMachineThread.cpp">
      <Filter>소스 파일</Filter>
    </ClCompile>
    <ClCompile Include="TMacroMachineView.cpp">
      <Filter>소스 파일</Filter>
    </ClCompile>
    <ClCompile Include="TMacroProtocolAddDlg.cpp">
      <Filter>소스 파일</Filter>
    </ClCompile>
    <ClCompile Include="TMacroToolDlg.cpp">
      <Filter>소스 파일</Filter>
    </ClCompile>
    <ClCompile Include="TMacroValueDlg.cpp">
      <Filter>소스 파일</Filter>
    </ClCompile>
  </ItemGroup>
  <ItemGroup>
    <ClInclude Include="MainFrm.h">
      <Filter>헤더 파일</Filter>
    </ClInclude>
    <ClInclude Include="md5.h">
      <Filter>헤더 파일</Filter>
    </ClInclude>
    <ClInclude Include="Packet.h">
      <Filter>헤더 파일</Filter>
    </ClInclude>
    <ClInclude Include="ProtocolBase.h">
      <Filter>헤더 파일</Filter>
    </ClInclude>
    <ClInclude Include="Resource.h">
      <Filter>헤더 파일</Filter>
    </ClInclude>
    <ClInclude Include="stdafx.h">
      <Filter>헤더 파일</Filter>
    </ClInclude>
    <ClInclude Include="TachyonSession.h">
      <Filter>헤더 파일</Filter>
    </ClInclude>
    <ClInclude Include="TMacroAddDlg.h">
      <Filter>헤더 파일</Filter>
    </ClInclude>
    <ClInclude Include="TMacroMachine.h">
      <Filter>헤더 파일</Filter>
    </ClInclude>
    <ClInclude Include="TMacroMachineDoc.h">
      <Filter>헤더 파일</Filter>
    </ClInclude>
    <ClInclude Include="TMacroMachineView.h">
      <Filter>헤더 파일</Filter>
    </ClInclude>
    <ClInclude Include="TMacroProtocolAddDlg.h">
      <Filter>헤더 파일</Filter>
    </ClInclude>
    <ClInclude Include="TMacroToolDlg.h">
      <Filter>헤더 파일</Filter>
    </ClInclude>
    <ClInclude Include="TMacroType.h">
      <Filter>헤더 파일</Filter>
    </ClInclude>
    <ClInclude Include="TMacroValueDlg.h">
      <Filter>헤더 파일</Filter>
    </ClInclude>
  </ItemGroup>
  <ItemGroup>
    <Image Include="res\TMacroMachine.ico">
      <Filter>리소스 파일</Filter>
    </Image>
    <Image Include="res\TMacroMachineDoc.ico">
      <Filter>리소스 파일</Filter>
    </Image>
    <Image Include="res\Toolbar.bmp">
      <Filter>리소스 파일</Filter>
    </Image>
  </ItemGroup>
  <ItemGroup>
    <ResourceCompile Include="TMacroMachine.rc">
      <Filter>리소스 파일</Filter>
    </ResourceCompile>
  </ItemGroup>
  <ItemGroup>
    <None Include="res\TMacroMachine.rc2">
      <Filter>리소스 파일</Filter>
    </None>
  </ItemGroup>
  <ItemGroup>
    <Text Include="ReadMe.txt" />
  </ItemGroup>
  <ItemGroup>
    <Manifest Include="res\TMacroMachine.manifest" />
  </ItemGroup>
</Project>